version = 1
requires-python = ">=3.13"

[[package]]
name = "numpy"
version = "2.5.3"
source = { registry = "https://pypi.org/simple" }
sdist = { url = "https://files.pythonhosted.org/packages/13/01/11703282db468b85f6f7b8c7f22d058de5970d5c7e60a3a8aaa313c3de36/numpy-2.5.3.tar.gz", hash = "sha256:df2d5874ff183595a4ba404edd04f6bd9b5505c1d7708573f6a6c17489a67563", size = 20791231 }
wheels = [
    { url = "https://files.pythonhosted.org/packages/79/e5/8fb89cd46d14e35699d13bf943a5f5f441ecee8667120a1f6105ab89e349/numpy-2.5.3-cp313-cp313-macosx_10_13_x86_64.whl", hash = "sha256:66a78fe4556c60aceda5916f9eacd638b18e9e681016ec302dcb4682d6d4d034", size = 16991061 },
    { url = "https://files.pythonhosted.org/packages/2f/06/9dc9e48b5e5e941c8b10350c5ff2d721da42a20517d911d15544246775ff/numpy-2.5.3-cp313-cp313-macosx_11_0_arm64.whl", hash = "sha256:92f30e89b8ee0ecf363033576c422b2f58fed6a80bed0aa48dff6d14c654663e", size = 12003676 },
    { url = "https://files.pythonhosted.org/packages/ab/2a/98282aa5b8f58b1157d440bb6282eed47e3632a5de53a714fbab17e659fe/numpy-2.5.3-cp313-cp313-macosx_14_0_arm64.whl", hash = "sha256:f9a2353b37a1a9e78fd82b27ad7e2a32a2d036604d18f02b05e3136c62ca3b09", size = 5439695 },
    { url = "https://files.pythonhosted.org/packages/a1/f9/b6533d777be9d6ffd29dc1be0867e563e6e8cc9a220ff1b716adc317f060/numpy-2.5.3-cp313-cp313-macosx_14_0_x86_64.whl", hash = "sha256:ccbc4665079665c3cf3bab4db9f6b095370cd6437d66be549b6c2a1fd19e1958", size = 6779395 },
    { url = "https://files.pythonhosted.org/packages/73/85/735720d04ec197c5dcfacdfc9922667c7f1f5f496a279b7ba4d7c74c4cc7/numpy-2.5.3-cp313-cp313-manylinux_2_27_aarch64.manylinux_2_28_aarch64.whl", hash = "sha256:c76d5dde9f445058f83d0c02af00557a4db91de9a9a57c0df87d1535001d654b", size = 15681750 },
    { url = "https://files.pythonhosted.org/packages/3a/1b/3b16a9bc514a440a7a0883684111dcb1ef1aee960af2ca95da8fc775f124/numpy-2.5.3-cp313-cp313-manylinux_2_27_x86_64.manylinux_2_28_x86_64.whl", hash = "sha256:a5fa86b80fd24bcd1aff83ad23be44ea323de3f787be8f8b15d4a65621e25321", size = 16708577 },
    { url = "https://files.pythonhosted.org/packages/69/c4/386f397831b07328b639c96c5b62719346cf4baf07c68d927239752b1534/numpy-2.5.3-cp313-cp313-musllinux_1_2_aarch64.whl", hash = "sha256:bd4cb9ad3c7889b9b3fe0a9a9fb5d2ed26f9879bff2608d9f01aed147a20d231", size = 17042047 },
    { url = "https://files.pythonhosted.org/packages/5f/3e/a700ecbf36e85ae8328fd3b0e12eeddc22ed6358a64cb2bd913e0d195d65/numpy-2.5.3-cp313-cp313-musllinux_1_2_x86_64.whl", hash = "sha256:1302b90c0e52281681b2975adfe8a860cb7b12216a27b4b0b4207c44bf7bccf0", size = 18465724 },
    { url = "https://files.pythonhosted.org/packages/41/ee/38e785e88a4045f6ad1d1f2808dcdfafdca48c760260c0587bf171e29fc9/numpy-2.5.3-cp313-cp313-win32.whl", hash = "sha256:1c80eabb4035ecf4ca9cd49cde8a9fdd69a729e63e6474887d1523ade7aa277f", size = 6129003 },
    { url = "https://files.pythonhosted.org/packages/f3/ec/100f2b1794ede74a9b3d7ec6b9736927f56713414c1dfe19ab6c383494bf/numpy-2.5.3-cp313-cp313-win_amd64.whl", hash = "sha256:71cad2b2a7451ab79d8f5e71b453485b6775963d5cf794179144a7463fe6e8ec", size = 12560965 },
    { url = "https://files.pythonhosted.org/packages/80/b1/7dc825ca94c12acebbce4c37caa5e198695eb31424bc579679f32b1bb49d/numpy-2.5.3-cp313-cp313-win_arm64.whl", hash = "sha256:8e4dd766076855b5ff7ea52fa5f07ce26286726e0f8bff446b7739d02e6ea204", size = 10482343 },
    { url = "https://files.pythonhosted.org/packages/70/78/cf416f15dc29375a229d9dfebf8db6e313f291580b39fa1a568b6052bb07/numpy-2.5.3-cp314-cp314-macosx_10_15_x86_64.whl", hash = "sha256:350ba9783ce969cf9f7ce6e6a9a58e1a6e2a19ca025b7ee448c4db727706212a", size = 16998686 },
    { url = "https://files.pythonhosted.org/packages/9e/59/abcc2d8def4fd60eec7d87f92d27c13448ffd9ab14339bcc63a0d7a2fdea/numpy-2.5.3-cp314-cp314-macosx_11_0_arm64.whl", hash = "sha256:012e66aca395d795496446e52aeeb5866312a5d4d3f27da270e5a0b43f70dc5c", size = 12013862 },
    { url = "https://files.pythonhosted.org/packages/94/75/4640d2d6e4b64a049e48425a82728a41ef4adb61332d2cba68055774878b/numpy-2.5.3-cp314-cp314-macosx_14_0_arm64.whl", hash = "sha256:adc1ada2662f8a5f960b8a10d9986897e7499ef07e06d4cfe7197f8cce923c07", size = 5449793 },
    { url = "https://files.pythonhosted.org/packages/96/cd/625b57ae33d4ca560f32cc0b47b4a5922146d9beb998ddf773900d440a73/numpy-2.5.3-cp314-cp314-macosx_14_0_x86_64.whl", hash = "sha256:54a115e5a73b8fc44f0cebef486365a1894b5c9760685d4558b72b7c3eb846e0", size = 6785176 },
    { url = "https://files.pythonhosted.org/packages/9c/72/12918652e7912ef9751e8694c88820fcd1908e0618cb23f5f3caa6004b7b/numpy-2.5.3-cp314-cp314-manylinux_2_27_aarch64.manylinux_2_28_aarch64.whl", hash = "sha256:be5a8381859b6da607c84f4f7d6847725f1cf1853ef8a2c9e115b7d58bef47dc", size = 15703377 },
    { url = "https://files.pythonhosted.org/packages/45/8f/9beacf79ca7c650688ad0baa80931adb988fe6e6e5d5903c23cc3dbd70eb/numpy-2.5.3-cp314-cp314-manylinux_2_27_x86_64.manylinux_2_28_x86_64.whl", hash = "sha256:b0521d0f4aebb6e06189451025fa17a913287b13c03d5fe05c017333b654ea5b", size = 16711928 },
    { url = "https://files.pythonhosted.org/packages/09/8d/41d0a56e1ac4c87495c897a211b1368691b7237aadabec8b3b8f3a74d48f/numpy-2.5.3-cp314-cp314-musllinux_1_2_aarch64.whl", hash = "sha256:9deb49575e5b0b94ed72c8a64ec4d033381adc27e9060ae842971f697ba96104", size = 17059507 },
    { url = "https://files.pythonhosted.org/packages/08/1e/0dfbc5cc251d54e2af790f254d24ec38637fa97ec7d5d11de7ffed787098/numpy-2.5.3-cp314-cp314-musllinux_1_2_x86_64.whl", hash = "sha256:b00eefbcf0f292945c4b4dec2ae845389ef5bcdcd596e6e4328051db5b5ba694", size = 18471002 },
    { url = "https://files.pythonhosted.org/packages/b5/2c/dfa40f6991f8185c8c30ffd023dfcbb11888e823cfab9557b920f3bb7bed/numpy-2.5.3-cp314-cp314-win32.whl", hash = "sha256:c2381f82999704f818e2c987a865050e285ec3621262c66d40f5a96c8f899f8e", size = 6180485 },
    { url = "https://files.pythonhosted.org/packages/a4/73/d2c08231e4fde7e415501fd02c715d96e98599b2d8384445933944152984/numpy-2.5.3-cp314-cp314-win_amd64.whl", hash = "sha256:2c25dfa72943e4336ddb6b0ee4277b47a0c85bede0807530ec68103bf58e2c10", size = 12698179 },
    { url = "https://files.pythonhosted.org/packages/5c/e9/dcdcc9b95cf5f49815055573aee1b11cfbf5299f38a180e437ded050810f/numpy-2.5.3-cp314-cp314-win_arm64.whl", hash = "sha256:15aa985ac73a8db02db7663381aa109510449d3819d37206caed27b33a65a8a6", size = 10769383 },
    { url = "https://files.pythonhosted.org/packages/49/c4/af8bc08a7ef4e1529a7c0cf24969accce316b783999802089a581ec99272/numpy-2.5.3-cp314-cp314t-macosx_11_0_arm64.whl", hash = "sha256:ac7bb1c52d445bd4f8f7f97fefe6abc3a084dc4d63df50d79b17fa2b78e89297", size = 12132668 },
    { url = "https://files.pythonhosted.org/packages/c5/ae/0f15eb56d4ec5e13c1f7ff04ff407f997d1acbadb45d3e1f2e2645a8f43c/numpy-2.5.3-cp314-cp314t-macosx_14_0_arm64.whl", hash = "sha256:e6ab667ba76450084eb64013762c438ea76d9d29cc676dcd6c2e9892ba37f841", size = 5568580 },
    { url = "https://files.pythonhosted.org/packages/23/fb/c72a8f25d4b6e96c354e7ab45ace3b27dc11e5d6a13b6c7d0cd6b08bf112/numpy-2.5.3-cp314-cp314t-macosx_14_0_x86_64.whl", hash = "sha256:f7fabeb6cea87d65f3b926de33d03fb016cfdc29314c90974383b5582ae72891", size = 6882634 },
    { url = "https://files.pythonhosted.org/packages/07/a9/968c90ed2ab15060c338e8137f1215b5a60756ae07328e0a60d1c6734df4/numpy-2.5.3-cp314-cp314t-manylinux_2_27_aarch64.manylinux_2_28_aarch64.whl", hash = "sha256:1fb6f8fb9ff0b3a69f52c66ce397b0246583e9f28616231b0e32ca49259a5fa6", size = 15748923 },
    { url = "https://files.pythonhosted.org/packages/59/08/9df04103947b95e3b6b1f2ed1a70521f325647a31b82da6a2aae3a485508/numpy-2.5.3-cp314-cp314t-manylinux_2_27_x86_64.manylinux_2_28_x86_64.whl", hash = "sha256:93e1f5447e2b1e479d7bd74701e84746b86450cff1fc368b132d195e2b8f8211", size = 16746748 },
    { url = "https://files.pythonhosted.org/packages/41/a0/14c8d5fe5b53a334aabb653deb391c0fef49558f491880ea300ed6785224/numpy-2.5.3-cp314-cp314t-musllinux_1_2_aarch64.whl", hash = "sha256:c00abe94c1a69d75d827dcf1c025b25c8a45d230b3bcd77a9020883a1b047653", size = 17111561 },
    { url = "https://files.pythonhosted.org/packages/c4/a6/d7e96e42f01522e154c32489640f16dfc4f6181d165d05fc3bec8c2c4999/numpy-2.5.3-cp314-cp314t-musllinux_1_2_x86_64.whl", hash = "sha256:536f963710a4e63934d80ac0dc4f478804a83e9a84b6828018f25d09953ada33", size = 18513945 },
    { url = "https://files.pythonhosted.org/packages/25/39/3453afb7119d0449ef11c886874120ff180e2c337760e0e2d88f70f1a945/numpy-2.5.3-cp314-cp314t-win32.whl", hash = "sha256:4c8a6d2ebce6305fd82fbefca827775437147052a976ee7c94b36a0c1b52ac6c", size = 6335421 },
    { url = "https://files.pythonhosted.org/packages/99/01/22815d2b19a1a746b1d45205cffebb3fe511a18acb75fba6c88491fc9894/numpy-2.5.3-cp314-cp314t-win_amd64.whl", hash = "sha256:9a37475425b431b4d060f23b4f52cd2f3aef6bc7c654bd760adf0040eec9d435", size = 12896420 },
    { url = "https://files.pythonhosted.org/packages/fa/ee/a7cbba67eeaff038dc29ca8b98a88396c8b0cc9c89d4924f4a27a5c9150b/numpy-2.5.3-cp314-cp314t-win_arm64.whl", hash = "sha256:2d8240cb4c16fd831074aa2b2cf9fc54664d826341d61c372245b96a74a49a9a", size = 10857177 },
    { url = "https://files.pythonhosted.org/packages/45/56/78194492883ff5eec90423fe56a3a44b154da047d88a6307f629713c584f/numpy-2.5.3-cp315-cp315-macosx_10_15_x86_64.whl", hash = "sha256:a6391fafaba97500887132cd582abc6e19452b1ac775a47caa7b24490e152058", size = 16996531 },
    { url = "https://files.pythonhosted.org/packages/11/39/dd55c0af90bbab564b09ae3b0aa60ec5c02b900fa4f1ba23440525c8b32d/numpy-2.5.3-cp315-cp315-macosx_11_0_arm64.whl", hash = "sha256:09d5a423c71ad5feb5625844ad58050e35df43871004b52ac9c0ad44a56775be", size = 12012569 },
    { url = "https://files.pythonhosted.org/packages/b6/51/04f67d32e4862b281b1cb84ceeaed3421189a84fb6fb51a391cd6d5009f7/numpy-2.5.3-cp315-cp315-macosx_14_0_arm64.whl", hash = "sha256:f9579f383d1bf9df80081e72760e84960a7fd4f88cf0c9e535a8597c9bb646f5", size = 5448498 },
    { url = "https://files.pythonhosted.org/packages/a3/c9/25b4dc0dd1344ec26c7319e84fd4e9809d2b5628f4e12decd618036e5178/numpy-2.5.3-cp315-cp315-macosx_14_0_x86_64.whl", hash = "sha256:86bff898a431c0fb71f7610b75726e75a54d47b37edc9d537f48de63bb3c0b90", size = 6783026 },
    { url = "https://files.pythonhosted.org/packages/fc/c7/29285be1e5232a6e7ee3268a33c85843f5a8ee93350c6465cddd66ebbf76/numpy-2.5.3-cp315-cp315-manylinux_2_27_aarch64.manylinux_2_28_aarch64.whl", hash = "sha256:1f3ed25271581281f2fccb1adcedfcde4c07362eec69189b50baf6f90e3ae159", size = 15697322 },
    { url = "https://files.pythonhosted.org/packages/55/49/bbad5335fb4996a16881f853ff3e0ba582f01720e55c89b1c06b8fc42a90/numpy-2.5.3-cp315-cp315-manylinux_2_27_x86_64.manylinux_2_28_x86_64.whl", hash = "sha256:ffdc76bfcae6b255dff75202c5e7feaf95b40246bc0a17944facc1fecf9f79ab", size = 16708995 },
    { url = "https://files.pythonhosted.org/packages/ef/e9/1df35483760b04a65ea44669f89dc64f30e5aca098b48ceb8b1310b0e0fe/numpy-2.5.3-cp315-cp315-musllinux_1_2_aarch64.whl", hash = "sha256:116f96cadd935c6122e9228d676fe7ede19e741f5c8bb1c3cddbe0c51ccebea2", size = 17052508 },
    { url = "https://files.pythonhosted.org/packages/b8/99/66e54da8265cc8be8a7382bf96edce17aaa2837d6f484432025932a3caa5/numpy-2.5.3-cp315-cp315-musllinux_1_2_x86_64.whl", hash = "sha256:09ffa5d903faeaa5c4dd05009cf81c8bab9f2cb37c548b8d39b65b4cfa7c97f7", size = 18468224 },
    { url = "https://files.pythonhosted.org/packages/01/bc/b5e90a91c115168d793dfd2ad9c69c438c2fe7a13a437e770bc5b078e732/numpy-2.5.3-cp315-cp315-win32.whl", hash = "sha256:e01c918ac3d48e18a927cf7b14a26a3e29ff2bdf2eacb976da0aecd6a43ed034", size = 6179919 },
    { url = "https://files.pythonhosted.org/packages/37/ea/780748fd3985109075514ef8fc64cd25f943e40dde13a6d59141eb268fc8/numpy-2.5.3-cp315-cp315-win_amd64.whl", hash = "sha256:e931e4f499e0dc7ef29d269a8e5b35dd722e5d14be07df6240166ea7c6532fae", size = 12697656 },
    { url = "https://files.pythonhosted.org/packages/b3/16/407be69a2a87c8cab64d95975a8977a426a29e138f07e276ec258f0fe4e5/numpy-2.5.3-cp315-cp315-win_arm64.whl", hash = "sha256:26e15e4aecd8617dfbaecb37d223e365d7b39411fba20454be2670a96aa74cb5", size = 10767601 },
    { url = "https://files.pythonhosted.org/packages/44/bf/a97ffb01e41d50a32a9177aef942a4d0e389a3daf451d04e5f38ef6afb87/numpy-2.5.3-cp315-cp315t-macosx_10_15_x86_64.whl", hash = "sha256:6cef4bb1706dfec49243c05d921eefb4e190d41e2528b30d8035ea1f36b4c24a", size = 17090092 },
    { url = "https://files.pythonhosted.org/packages/d1/24/136c02f2c2af9a067a84d0c3aa10c99012c0476fa5066732fa4a4202557d/numpy-2.5.3-cp315-cp315t-macosx_11_0_arm64.whl", hash = "sha256:d1c89973648c85069c5046ad460f7b8a00218b29a2e42359ac8cc63e9ab94832", size = 12129429 },
    { url = "https://files.pythonhosted.org/packages/fe/6c/b47582d6597789bf946d5efbeb6b9e56fd8bcbd5efc6fbf51dbe1ea31eb3/numpy-2.5.3-cp315-cp315t-macosx_14_0_arm64.whl", hash = "sha256:214045a5bf00113a146ab9ee9730c44501af6723cdf1f6830932f7b5ef2e7af0", size = 5565452 },
    { url = "https://files.pythonhosted.org/packages/be/b4/ef3cc6da73774202d4deae16bb321fd8298a4e0561e3539f8c4be237d916/numpy-2.5.3-cp315-cp315t-macosx_14_0_x86_64.whl", hash = "sha256:8617bbfae4486cf99c9f899966699428d19da931d06ca94ad3da986c76e15997", size = 6876736 },
    { url = "https://files.pythonhosted.org/packages/9e/24/e3813329498596cb842703dcacac1741612ed9fb9c4e6a3e0c7e2ebbc597/numpy-2.5.3-cp315-cp315t-manylinux_2_27_aarch64.manylinux_2_28_aarch64.whl", hash = "sha256:595d020938c84e320bcf40ad71089e108eac0d377cd018e14a8c094f39e98d85", size = 15745777 },
    { url = "https://files.pythonhosted.org/packages/4a/9e/4e7a07fd0776dc2210cdacf2010be8665194d094defc10c419d7dea794cc/numpy-2.5.3-cp315-cp315t-manylinux_2_27_x86_64.manylinux_2_28_x86_64.whl", hash = "sha256:6f24021b9f22bc6301c37b196974a92c1c18dccedb6fef3dd252e95f2d6adbe4", size = 16746949 },
    { url = "https://files.pythonhosted.org/packages/91/db/01674c0e20335057813a00c2ebd546ed25bff9ed7914f9bced00f8c55d94/numpy-2.5.3-cp315-cp315t-musllinux_1_2_aarch64.whl", hash = "sha256:71b39d9f935b6ec0f8753e3e2afb51e3efba6f2e05b68b32a40754d24bcd4a3c", size = 17108994 },
    { url = "https://files.pythonhosted.org/packages/45/7a/584c5e71f8d378e57cac0b033891ed65c683ef90573ba4854e8c28203db0/numpy-2.5.3-cp315-cp315t-musllinux_1_2_x86_64.whl", hash = "sha256:6b05c171afb3aa07adbd20abc00aea86fe375beb0fdb9ef780ec5b7f63bab1c0", size = 18512266 },
    { url = "https://files.pythonhosted.org/packages/a1/d2/4e1014173aa3c55e6a756e0e567290743a6ab33a288460374d7ef6bcd239/numpy-2.5.3-cp315-cp315t-win32.whl", hash = "sha256:f54660b0eb6b0b9f36e7fe1cdfdff472028dd0d14acd9b9b65098efbad059469", size = 6330292 },
    { url = "https://files.pythonhosted.org/packages/6c/b0/ff5658a58199b7bcaad87bf260eef6713d9d42cca4e028f935b4fc5fbac6/numpy-2.5.3-cp315-cp315t-win_amd64.whl", hash = "sha256:1aad64d99730d013cfc6debafed22783b4fc5a7f4b8bc744d2d8cf7dcc880551", size = 12884918 },
    { url = "https://files.pythonhosted.org/packages/fb/0b/b12a2df5d1b774bd9007a6fdff9381145b6223d37f11afc9c37ab0efd9a1/numpy-2.5.3-cp315-cp315t-win_arm64.whl", hash = "sha256:befa1ae5bd6030b3f512b43ff3fa5290bbed6b84411a44244b14adf835f5b89d", size = 10850807 },
]

[[package]]
name = "opencv-python"
version = "5.0.0.93"
source = { registry = "https://pypi.org/simple" }
dependencies = [
    { name = "numpy" },
]
sdist = { url = "https://files.pythonhosted.org/packages/79/4c/a438d23e09ce2033c09f7b784ad2fbdb0adf529e434101ed28f142226f98/opencv_python-5.0.0.93.tar.gz", hash = "sha256:66aac3e5b5faa48d4025816592f3af19e4bfc2c68dec067bae2dbb4ca10aa9e2", size = 81802749 }
wheels = [
    { url = "https://files.pythonhosted.org/packages/9c/75/76f6ade78f6102c61034f828e2a22616708df2c9504bc8d6af9dd8f73dc5/opencv_python-5.0.0.93-cp37-abi3-macosx_13_0_arm64.whl", hash = "sha256:198a75138241810206a17c829dbcc40a7cb1841cda538ca86cbbfc6c7d95f898", size = 48322443 },
    { url = "https://files.pythonhosted.org/packages/15/8c/bc1bda6aae69a32e9d84fc34153ba104cd25226861eb4aea33b2cea4860d/opencv_python-5.0.0.93-cp37-abi3-macosx_14_0_x86_64.whl", hash = "sha256:6bbc32f59e1b1a7db7b39c81f63d00625f041d333037fd8702f6da52cc39108b", size = 34782755 },
    { url = "https://files.pythonhosted.org/packages/f4/8a/b04776ec45d2dea08a1b176f1829201db3515d4ed16c35f8fcc9fa7beb16/opencv_python-5.0.0.93-cp37-abi3-manylinux2014_aarch64.manylinux_2_17_aarch64.whl", hash = "sha256:e2b4272e736836f66c2d176e43ab8101f3a00d45654916399f52e150c58981ac", size = 50614064 },
    { url = "https://files.pythonhosted.org/packages/95/54/eb47866b94f2b5b42dde17644b78055ef1ee05aae59962c7290e55270803/opencv_python-5.0.0.93-cp37-abi3-manylinux2014_x86_64.manylinux_2_17_x86_64.whl", hash = "sha256:f8b6d0a212253dd26ad338c812f1f23ca118fdf05a9c8c6b9444f161aa8c5881", size = 71064711 },
    { url = "https://files.pythonhosted.org/packages/93/da/962579f1e703cbf8c5422fd1f576467dcb3b5b0b0b81c1471c979764353a/opencv_python-5.0.0.93-cp37-abi3-manylinux_2_28_aarch64.whl", hash = "sha256:08d5d91d967b58d6db86073b2ad3eaef88ca4ebdfd45c9059bf59f5ded0c7ad2", size = 49798576 },
    { url = "https://files.pythonhosted.org/packages/cf/4c/c73f828fdbcd37eaf21d08fa852544a3ca7c2dbb3ea76873d64f2ea413d1/opencv_python-5.0.0.93-cp37-abi3-manylinux_2_28_x86_64.whl", hash = "sha256:c8de2dec111122a02e8beb28e16c31904992dfd6186560b142a92c71403c1039", size = 73783032 },
    { url = "https://files.pythonhosted.org/packages/e2/4b/edaf83b996ca5a1a3d8ccad485706b9c6d4742b13b9c4586bf1c1e7d9423/opencv_python-5.0.0.93-cp37-abi3-win32.whl", hash = "sha256:4b4b1a34c79bf8d3738e3cfe9a9e67b51a79663f6b692cbdad8c31f570da4157", size = 35564734 },
    { url = "https://files.pythonhosted.org/packages/21/f0/9fa6e85cb10c8eb36a0222d27e50fe381b86ce49a55446bf39f491727564/opencv_python-5.0.0.93-cp37-abi3-win_amd64.whl", hash = "sha256:f90ba04b8f73bc5c3814037699739f0156f597338a98f05956c684e7c3ca10d2", size = 44000345 },
]

[[package]]
name = "tapo-server"
version = "0.1.0"
source = { virtual = "." }
dependencies = [
    { name = "opencv-python" },
    { name = "websockets" },
]

[package.metadata]
requires-dist = [
    { name = "opencv-python", specifier = ">=5.0.0.93" },
    { name = "websockets", specifier = ">=17.2" },
]

[[package]]
name = "websockets"
version = "17.2"
source = { registry = "https://pypi.org/simple" }
sdist = { url = "https://files.pythonhosted.org/packages/01/89/3f825ab71c242fffb62ea8fe638741c290f62f8d7aadf8125ff897747af3/websockets-17.2.tar.gz", hash = "sha256:36c2fb94c990cc2545143b12690e2de6c16300f9dbe5b4f33fa300cf57dc8792", size = 188355 }
wheels = [
    { url = "https://files.pythonhosted.org/packages/54/54/a935a32dbc2e7365b1b59eb74b5ab7515456f02370fdca4c4efc3574e96f/websockets-17.2-cp313-cp313-macosx_10_13_universal2.whl", hash = "sha256:b24b83fbb34b2d8de06cf0f0d4bd7737344ef854482a614826d4356c0c3f0c12", size = 217752 },
    { url = "https://files.pythonhosted.org/packages/cd/95/cb8881851abe2662730e6c61cc521b4c96513fdf9103a44f169afce2eba8/websockets-17.2-cp313-cp313-macosx_10_13_x86_64.whl", hash = "sha256:8a829db795e3f87053904493d184b185c8eb1f497c852f434168ec856aa6f997", size = 215436 },
    { url = "https://files.pythonhosted.org/packages/ca/1e/621bb93f35ab7d337be98f1958294437527e2a1797089b5e734ddc5eec5f/websockets-17.2-cp313-cp313-macosx_11_0_arm64.whl", hash = "sha256:cf8811d285acc91216368df7fb55cc8c9bf6fcd90eea42429c7186c7385a12b9", size = 215690 },
    { url = "https://files.pythonhosted.org/packages/62/4a/49d0c983c082676d5d413b28e6ba5ae1d174c00268467bf78d9fe986a2d2/websockets-17.2-cp313-cp313-manylinux1_i686.manylinux_2_28_i686.manylinux_2_5_i686.whl", hash = "sha256:89c4898da776193577279173dcf9860487590611d7320d379435a145881b048d", size = 225080 },
    { url = "https://files.pythonhosted.org/packages/04/13/95a45eb410019772002d8f53d81396dad4120f7df39ca9962f86f5d7cd01/websockets-17.2-cp313-cp313-manylinux1_x86_64.manylinux_2_28_x86_64.manylinux_2_5_x86_64.whl", hash = "sha256:d87091c4347daadbcc0833b65812ff38d7350c67339625d4e4a512cf38e3e8ef", size = 225361 },
    { url = "https://files.pythonhosted.org/packages/f8/fe/0f0eda80bb441f54becdaf793eb20ee080926f8d2356388377cf262187e5/websockets-17.2-cp313-cp313-manylinux2014_aarch64.manylinux_2_17_aarch64.manylinux_2_28_aarch64.whl", hash = "sha256:1110fbfd530c447380e6e6db88b7e43ffe33d54178f5b0ff0aaa5a280301e668", size = 226602 },
    { url = "https://files.pythonhosted.org/packages/5c/36/067fc09d8e6f154abde7c2f747c52cc442a02c5eb14816f5c39cb9f8bcc6/websockets-17.2-cp313-cp313-manylinux2014_armv7l.manylinux_2_17_armv7l.manylinux_2_31_armv7l.whl", hash = "sha256:83abd8beab056aa77a116364811f8fc262dffbcc7abea48de0c85ccbfc6f1428", size = 228035 },
    { url = "https://files.pythonhosted.org/packages/4f/a2/939bade7a396b4c381aebbf3941969f124d0f98d56753f81cd256f3fc4d6/websockets-17.2-cp313-cp313-manylinux2014_ppc64le.manylinux_2_17_ppc64le.manylinux_2_28_ppc64le.whl", hash = "sha256:876da8ca5520d65b5d0f2ca6b4e7a00d35bb90ccda35cb2ce3cda4b6c711e84a", size = 227227 },
    { url = "https://files.pythonhosted.org/packages/e5/8a/37b1033e21709dd7fa39239ea4d9cd7f348ad5bcba94eb47253878576f8a/websockets-17.2-cp313-cp313-manylinux2014_s390x.manylinux_2_17_s390x.manylinux_2_28_s390x.whl", hash = "sha256:8462395df8f224d2daa3d80db3ae4450d9d4b7243c8483ac79a82862f1599dd6", size = 225985 },
    { url = "https://files.pythonhosted.org/packages/a0/3a/0d89539900b06d86366facb7558198046de125ab8c371d9248d6262da70d/websockets-17.2-cp313-cp313-manylinux_2_31_riscv64.manylinux_2_39_riscv64.whl", hash = "sha256:6e9a04e69456015e6ae5e0d486d995137fd435794442122b00ce5f9526ea3ba8", size = 223226 },
    { url = "https://files.pythonhosted.org/packages/31/9a/bfc5633e3d538d0a71cfbe7a5fee56c712e16c2dbd0ce17c83196a2a96a9/websockets-17.2-cp313-cp313-musllinux_1_2_aarch64.whl", hash = "sha256:8a2321bcb73758c44c8076509024d02c15ee484fe77ce04edea4bf4d257492cc", size = 226042 },
    { url = "https://files.pythonhosted.org/packages/bb/1f/cbaf1786d8e3aeafe9d76951fc01139ec353b92555580336f23669382a55/websockets-17.2-cp313-cp313-musllinux_1_2_armv7l.whl", hash = "sha256:8be4a87b3baca380ec3c7b1643b2dd268ac9d42c5097c0e8dc9a49342faf4774", size = 224639 },
    { url = "https://files.pythonhosted.org/packages/80/49/175faa5bd169486f835602ac0ae6303318aa65693b79cdc72c5ee53b148d/websockets-17.2-cp313-cp313-musllinux_1_2_i686.whl", hash = "sha256:eb7b737ce8d18c8a08beb68f751572b7bf6a18093ecd1406ca1256b50592552e", size = 225407 },
    { url = "https://files.pythonhosted.org/packages/ac/d1/3662f612456cfb2dcc128c8e596f0a55fb7b695025e2ebe8ba2abb355c3b/websockets-17.2-cp313-cp313-musllinux_1_2_ppc64le.whl", hash = "sha256:d6605630c2808b33f362d6d08582e79821f77ed2bd3f49f9d467ea70defea06d", size = 226513 },
    { url = "https://files.pythonhosted.org/packages/73/6b/07af5177a49e30156b0922556fa93624a920a2b17d3e63bf4ad94668112c/websockets-17.2-cp313-cp313-musllinux_1_2_riscv64.whl", hash = "sha256:dd9252828073fd0d69e7667af4275a1b17c18d0833b1ab7f59db272f194a6b9a", size = 224072 },
    { url = "https://files.pythonhosted.org/packages/eb/34/d18054ff4d8314524164f8b8efec2cb17627287e099f122c28ed6fa598e0/websockets-17.2-cp313-cp313-musllinux_1_2_s390x.whl", hash = "sha256:06c7386128a9d85de4e1960114604f3031c084d2f4eee8db382637f1634cbab1", size = 225022 },
    { url = "https://files.pythonhosted.org/packages/e9/12/75433caa3e9fa3e51d7751dc6bad24a86addf76cbfb51e52b11d037ba7fd/websockets-17.2-cp313-cp313-musllinux_1_2_x86_64.whl", hash = "sha256:98f2d03df74977fd252831c997c388cd6c3f691a8a9d022b266d3cbd9849838f", size = 225303 },
    { url = "https://files.pythonhosted.org/packages/6f/de/23e21c002aa2786ac9807c0876faa3b2576493b29ca3386287b0db46f021/websockets-17.2-cp313-cp313-win32.whl", hash = "sha256:5b43a1f7e4853ce08c3f6d3bf69799ee5b46548bfb71792a8158f7e45d66b547", size = 218219 },
    { url = "https://files.pythonhosted.org/packages/13/eb/960411c0c574535d629c16e96a2b4e5353dbe4109df8ecea859e1b5245ee/websockets-17.2-cp313-cp313-win_amd64.whl", hash = "sha256:27c7a59b5352a8f741b422820adfe89dfe47c8f2d84fb32111e76111edaa0e83", size = 218531 },
    { url = "https://files.pythonhosted.org/packages/a0/1a/3ac07bb52378952eff1d52d04a7ee6e82ce84e3da319a52a4739cd9c78f5/websockets-17.2-cp313-cp313-win_arm64.whl", hash = "sha256:533b7c82bb1eafbeb921dfe131c9f88e55451ddc328d84bde1c9340ba72d2808", size = 218466 },
    { url = "https://files.pythonhosted.org/packages/8b/74/6bc991a28ac983600e65de408ebd1b1413d554ed0468ae5c831bc52dded6/websockets-17.2-cp314-cp314-macosx_10_15_universal2.whl", hash = "sha256:ecb748910e9ba4624ebe2057791df51dcbffb48c37108ab94a3c593472023c9e", size = 217791 },
    { url = "https://files.pythonhosted.org/packages/cb/2f/158e99426be6e71d09520bae53f29294fbb614b2fc5fbf8867b1d08395a7/websockets-17.2-cp314-cp314-macosx_10_15_x86_64.whl", hash = "sha256:2ab9af5cb7265899e659f079eb71691375a1025b6d5fbd3caa495dd08f70833a", size = 215486 },
    { url = "https://files.pythonhosted.org/packages/5c/09/1abf942723c0001d9c2fca1551907dade6304517b982b0bf10bba107fa81/websockets-17.2-cp314-cp314-macosx_11_0_arm64.whl", hash = "sha256:06e46da092bca3a52e98f0458c66b247993ce501a07cd09c858be3296511ab7d", size = 215699 },
    { url = "https://files.pythonhosted.org/packages/a7/1d/1ade03963ef497c47e6bad79e24370827b2fe6145fa8f58070ff2b7dcbac/websockets-17.2-cp314-cp314-manylinux1_i686.manylinux_2_28_i686.manylinux_2_5_i686.whl", hash = "sha256:fcce735ffd72ac4056db05325d9f0232382b74826f0196eb6a15ca903abdaa0f", size = 225081 },
    { url = "https://files.pythonhosted.org/packages/9f/fd/47b8a0361c49da939b976a07b27a72a9f893d01dfcf4d2a28b53419ce1ef/websockets-17.2-cp314-cp314-manylinux1_x86_64.manylinux_2_28_x86_64.manylinux_2_5_x86_64.whl", hash = "sha256:42cbca10f82a8b2fb1536e8a0830ca6ceeb6bb3d8d64b766e0795369135654a8", size = 225430 },
    { url = "https://files.pythonhosted.org/packages/f0/26/f4d4c76264ee037c5556ab5f50fcba302746dabf7528955534e4dda9965e/websockets-17.2-cp314-cp314-manylinux2014_aarch64.manylinux_2_17_aarch64.manylinux_2_28_aarch64.whl", hash = "sha256:c63ff5a21f26bd0e6a8464b53fadbe174825c8718ac14180df45665eaacdb6af", size = 226676 },
    { url = "https://files.pythonhosted.org/packages/37/b3/c8b1c981322a050c4babfd327ffc9880f9c3834f5b15d2574e37eeb8768c/websockets-17.2-cp314-cp314-manylinux2014_armv7l.manylinux_2_17_armv7l.manylinux_2_31_armv7l.whl", hash = "sha256:63f543463601c1558b755f8dd7618b6ec3dd0934dda051d3b7030d8c76e54de2", size = 228048 },
    { url = "https://files.pythonhosted.org/packages/f0/5a/1cb29ddb23e6bc27ffd1c5316cd3616360d1ba0c3854eaa134ee3207bd28/websockets-17.2-cp314-cp314-manylinux2014_ppc64le.manylinux_2_17_ppc64le.manylinux_2_28_ppc64le.whl", hash = "sha256:4c32eb565ad9ce8a6444248e5b7a19dbb86a81c811fe5fcc2fba7a735aed5163", size = 227281 },
    { url = "https://files.pythonhosted.org/packages/ba/64/135274572dc0c845fc1111e2b932c807c395daac75d6eae6cfa148d8a208/websockets-17.2-cp314-cp314-manylinux2014_s390x.manylinux_2_17_s390x.manylinux_2_28_s390x.whl", hash = "sha256:5d459bbb6c22f26dcebea56924a362aba50d453b9867912862c970434fcf0d94", size = 226025 },
    { url = "https://files.pythonhosted.org/packages/58/75/f1e386aec3124489411caf5138cdd5a2bc43d3fd4a681c69adcf5f6272a5/websockets-17.2-cp314-cp314-manylinux_2_31_riscv64.manylinux_2_39_riscv64.whl", hash = "sha256:f19ca1a21871f024e38faf4107b433047df27558dff1b72a1dac31481e2c1fe5", size = 223277 },
    { url = "https://files.pythonhosted.org/packages/60/eb/24733a0f568c2eb99e60f9faa620a98fb228c06a01e7e2f348b33290ed9c/websockets-17.2-cp314-cp314-musllinux_1_2_aarch64.whl", hash = "sha256:c76b4bcbf0f713194591673fc86a42820e14da6bbd1bb445d3d002cc4d1e4521", size = 226148 },
    { url = "https://files.pythonhosted.org/packages/55/6d/ea66a30af74f5983cae31ebb9ef78b178b366a12856a414e1472225c4a34/websockets-17.2-cp314-cp314-musllinux_1_2_armv7l.whl", hash = "sha256:30201a7f69833b015556c72feb69ea501b645986fd0b90dab13f589e995ff428", size = 224615 },
    { url = "https://files.pythonhosted.org/packages/87/80/c6f2228ad89774429d270179375ebddb657119215f52d1df7c680d65cad7/websockets-17.2-cp314-cp314-musllinux_1_2_i686.whl", hash = "sha256:0c8600aec354cc259f1691b0b42816f04a9886a953f82cb227246df76057f97a", size = 225398 },
    { url = "https://files.pythonhosted.org/packages/f7/4a/3d8da19732ad468d4be7f1e3ac298078b60bdda55edde6589bef84a5eb7e/websockets-17.2-cp314-cp314-musllinux_1_2_ppc64le.whl", hash = "sha256:307fc22ea496be8542d67b82ae8c867a978dfd19ac35573d4f15943fd9277dfe", size = 226571 },
    { url = "https://files.pythonhosted.org/packages/58/22/1231657122d9cc24791bb90af13cc2f4e84cf0d3a454cb37e3abfdcb2fd9/websockets-17.2-cp314-cp314-musllinux_1_2_riscv64.whl", hash = "sha256:9c88697fa943bd4ef67cc919a17d81de6581846f52bfa8c6f64a916098986556", size = 224125 },
    { url = "https://files.pythonhosted.org/packages/1a/04/350ca2445da758bc42cdb4218b44d4ce0d5a9c1d5e4cc4a58d64348ad9da/websockets-17.2-cp314-cp314-musllinux_1_2_s390x.whl", hash = "sha256:f7eac84d4969da82166d5e90d9c38d2f416fe24f9708a7013569b193745b9a31", size = 225081 },
    { url = "https://files.pythonhosted.org/packages/da/c4/dec952b0df3a5d918ed2a545abb0c25ae519c3bc2d9aba3b7c46abae8f05/websockets-17.2-cp314-cp314-musllinux_1_2_x86_64.whl", hash = "sha256:313f6703023d53baabab6d6c5c37cf637b2c4fee255acf2ed5e92ad69e28f1b7", size = 225376 },
    { url = "https://files.pythonhosted.org/packages/f2/b4/198a260afbcc086ff4979774e51834ed7fb5b95f9ef305e0c4924630b857/websockets-17.2-cp314-cp314-win32.whl", hash = "sha256:08d90cf344bdb971ba3a826b78d4da9bfd56cc6a97a604d9b88cbd40bfa6c735", size = 217760 },
    { url = "https://files.pythonhosted.org/packages/e5/9e/0523f8bc2f7aaddf39562d4fa01b4d38fa61b23d980917a16d2dd19c8dac/websockets-17.2-cp314-cp314-win_amd64.whl", hash = "sha256:dac93bf7a9beb215be3282b8441173cd50806c41c007b8be9bb24e03c60ad563", size = 218104 },
    { url = "https://files.pythonhosted.org/packages/55/17/7b8bb4cb64a199e7082f1f9be784d657842fefc327ac777d6c1493504804/websockets-17.2-cp314-cp314-win_arm64.whl", hash = "sha256:2ab742249f953d148a9ba696c8b9944361e8cb92e8bc61ba2dd53a178403afd3", size = 217989 },
    { url = "https://files.pythonhosted.org/packages/ee/76/f54ed054b6e860f1e0bbc7019542a048352d41231fdff6d904b379f881c7/websockets-17.2-cp314-cp314t-macosx_10_15_universal2.whl", hash = "sha256:a69ce25be5f1330ee1c74eb6fabbbceaa96b384beedd2627cecded7546490c40", size = 218125 },
    { url = "https://files.pythonhosted.org/packages/e6/4c/0f3375cea66a125ae01d21fb9c537aae955ef499bfe7e2b2376a34362f2a/websockets-17.2-cp314-cp314t-macosx_10_15_x86_64.whl", hash = "sha256:8e24b878cf54843a63985d90480f163ca7f692689fbcbe9cdbd8165521083a8b", size = 215658 },
    { url = "https://files.pythonhosted.org/packages/0c/05/7c871a67bfb4b61adc1fe13583db97803f87dfeca644fe6ef51df7bb276d/websockets-17.2-cp314-cp314t-macosx_11_0_arm64.whl", hash = "sha256:f33c7908a6885dcae9f462a4a8347b637053b4ff2b96beb4c23fba1cf7818e5f", size = 215858 },
    { url = "https://files.pythonhosted.org/packages/41/8e/59df4d9cd357e902d1c74b13c3c0c3841c8df6e4b1b3d131bf26a23fdcb1/websockets-17.2-cp314-cp314t-manylinux1_i686.manylinux_2_28_i686.manylinux_2_5_i686.whl", hash = "sha256:c796a1bb3e4015249639849f30e8e680df8a431b45d417ba8acf843d2451d95f", size = 225443 },
    { url = "https://files.pythonhosted.org/packages/5c/64/5e486a3a44e041203c62eccf1fc89c7f8824e21104a7b82b182e5b21c228/websockets-17.2-cp314-cp314t-manylinux1_x86_64.manylinux_2_28_x86_64.manylinux_2_5_x86_64.whl", hash = "sha256:983bcdc898662f6ba9d6a025c30d29946ff0986d9ad60d400af0da3671f7cbf3", size = 225726 },
    { url = "https://files.pythonhosted.org/packages/f0/98/b6eb53121c91fbe8b6897aba06861ce60f9ab58faffc6bca5750cbc21681/websockets-17.2-cp314-cp314t-manylinux2014_aarch64.manylinux_2_17_aarch64.manylinux_2_28_aarch64.whl", hash = "sha256:35e0f088ddfd9d9bc5019e27ff3767411779e92b59db5bb1507f2731a5b61158", size = 226895 },
    { url = "https://files.pythonhosted.org/packages/8a/18/8c091321b99c91eb3eaec9acbd940e69308b4e465b5605c430af0cf7d3a5/websockets-17.2-cp314-cp314t-manylinux2014_armv7l.manylinux_2_17_armv7l.manylinux_2_31_armv7l.whl", hash = "sha256:19e2511412ad3393191de652513bc7a0ca3c93af143b32d96d46e59fbbddf1d4", size = 229040 },
    { url = "https://files.pythonhosted.org/packages/1a/96/3a92f944305b7de42fcb7530b9fa69607b4b4ce993c36a9f2330dbc318ba/websockets-17.2-cp314-cp314t-manylinux2014_ppc64le.manylinux_2_17_ppc64le.manylinux_2_28_ppc64le.whl", hash = "sha256:cb5e2bf969ac99a6ae3c71208a5eb05cfde973192540ffa6e1068b57fb78c4f8", size = 227469 },
    { url = "https://files.pythonhosted.org/packages/ea/a9/624f6d75ba326c22d03698b34c0ada984f1d76196322a62f6c22903b831d/websockets-17.2-cp314-cp314t-manylinux2014_s390x.manylinux_2_17_s390x.manylinux_2_28_s390x.whl", hash = "sha256:691780fca2be3dec512cb603cb91060271968cb4af86b51d07c57445c5754a37", size = 226202 },
    { url = "https://files.pythonhosted.org/packages/47/af/1e6e8c625aeb268830af2c4227fe05e8db59f4f4debe1dadfd0ada214895/websockets-17.2-cp314-cp314t-manylinux_2_31_riscv64.manylinux_2_39_riscv64.whl", hash = "sha256:2d39c19b1ba6a6791050383fd69efdd3b63533e2254693d0263879cd5f5921ba", size = 223743 },
    { url = "https://files.pythonhosted.org/packages/dd/81/33c5280f4f6f81637c93ae065c6a594dfe35935622af135a5f7c3768bf22/websockets-17.2-cp314-cp314t-musllinux_1_2_aarch64.whl", hash = "sha256:e48ac2b302986c6f55cf61e8e36b4dd97d0132c5078a713a697a940934ba422e", size = 226492 },
    { url = "https://files.pythonhosted.org/packages/1d/f3/7aa9fc36e67caccbcfee2c48f4ada41e9da512d41523c024d039f0f22ba3/websockets-17.2-cp314-cp314t-musllinux_1_2_armv7l.whl", hash = "sha256:e136197f1262620ef2e507afc3ea759c1ae7d221886da20eec5f4c9f2618c2aa", size = 224940 },
    { url = "https://files.pythonhosted.org/packages/3f/8c/457aff7081a63d1261608bb4d7b0b0f9dfe780697a2a334671745742850b/websockets-17.2-cp314-cp314t-musllinux_1_2_i686.whl", hash = "sha256:3eb44019a2b0b3b91bac95998f1e4e5589730421170e060fe654a2b7be727dc7", size = 225835 },
    { url = "https://files.pythonhosted.org/packages/3e/c3/7a13a3b3050db2c36772ded49f8d48f99eb080948e9f6f762e7529925ab5/websockets-17.2-cp314-cp314t-musllinux_1_2_ppc64le.whl", hash = "sha256:e5855e574804398859c5fbaf4fc7882b96278b7f6572a3d889627e6eb6cfca59", size = 226848 },
    { url = "https://files.pythonhosted.org/packages/c4/3e/d5b2c1e473b1031a4a0ec0e10de69df5b981ab4a10aa482bb45c18dd43f5/websockets-17.2-cp314-cp314t-musllinux_1_2_riscv64.whl", hash = "sha256:5dc29815520c329f5662f6eb3ebadecf0d4f8c82dfa416d4d6efbf8f39245559", size = 224541 },
    { url = "https://files.pythonhosted.org/packages/79/5d/bb81976cc1aa546afb51395ce42913521e9dea062bb34a61308cfff30726/websockets-17.2-cp314-cp314t-musllinux_1_2_s390x.whl", hash = "sha256:d1a4f9462da6496b6cb79bbb09c60d17f7e63e8a1df136797b3afabec9560e4d", size = 225315 },
    { url = "https://files.pythonhosted.org/packages/f4/6b/314962d5440c61b4c107914599c13ceeecc6bdb6e2e73a5f7e566a7d1f26/websockets-17.2-cp314-cp314t-musllinux_1_2_x86_64.whl", hash = "sha256:9496bff5541086478264678bac73c0a75b2fde94fdf6568893bca1f7c6d50d18", size = 225747 },
    { url = "https://files.pythonhosted.org/packages/98/fc/9eb64b34a3a4458eb08f3f24bde01508f72a00790330723c158ebb965048/websockets-17.2-cp314-cp314t-win32.whl", hash = "sha256:e1e3bc8090a7eae79fdf634b63bdbfa3c93999991023c37c6fd3b469fc8ff5dc", size = 217891 },
    { url = "https://files.pythonhosted.org/packages/ba/ed/3a4e2a09b0822d6e525cbc6e44a4885669bad5b22ab9c64fa2444bc15325/websockets-17.2-cp314-cp314t-win_amd64.whl", hash = "sha256:65a89a5bde227bfe908016f35b5bd347970cd1e5b0360f389502eba1c7fde6e0", size = 218229 },
    { url = "https://files.pythonhosted.org/packages/b5/66/cffb75ee746dd060984c3c3e2eac7f875a866225a30dfa53e2cd18232565/websockets-17.2-cp314-cp314t-win_arm64.whl", hash = "sha256:1c27339934109dfaca83f18ab2c23db06714e9d5deca2c8e37e8f492ab90d20b", size = 218146 },
    { url = "https://files.pythonhosted.org/packages/12/e9/10a9b1633b63594054c87b97af048628cea2b21b5089a52a9fc1e0af60a3/websockets-17.2-cp315-cp315-macosx_10_15_universal2.whl", hash = "sha256:a7c4bb26de6ef496d24822aee4f6a305d97cd33d21a2b85f290292d69ba1c25e", size = 217719 },
    { url = "https://files.pythonhosted.org/packages/0c/00/ff4020fe0886dac7199a16ce2805c7afd7b981bd2e81d3fa18dff5d9863a/websockets-17.2-cp315-cp315-macosx_10_15_x86_64.whl", hash = "sha256:c08da1f15040bd1e1a6074bd4518a6ef20e67b1594ecfb0aa75e5b45f87e6d6d", size = 215448 },
    { url = "https://files.pythonhosted.org/packages/66/06/bc7b944f81514378b2c2ab96c17df19e871cd33b9be0f1f6dfc975457e5e/websockets-17.2-cp315-cp315-macosx_11_0_arm64.whl", hash = "sha256:3117abfd32b183bdb6194df9317766d32c6517f3d1c0aa8c62d5c6ccfda0b4a8", size = 215674 },
    { url = "https://files.pythonhosted.org/packages/a8/da/2b2b76faa2f10c4813e3872c9577fd13a798f5918b1785b86ff7d635eb2a/websockets-17.2-cp315-cp315-manylinux1_i686.manylinux_2_28_i686.manylinux_2_5_i686.whl", hash = "sha256:a046227daa7f191e843d26b911c1146233e9a33d249e0c954dcb3ac7c398710e", size = 225119 },
    { url = "https://files.pythonhosted.org/packages/ae/d4/22cbe288c0d5cef7620503be92c0098d82220353fc7e188034a19c517240/websockets-17.2-cp315-cp315-manylinux1_x86_64.manylinux_2_28_x86_64.manylinux_2_5_x86_64.whl", hash = "sha256:2901bdf24f20bc884124b3e88c61f7ece260c20c81e610f2196007395264a4aa", size = 225549 },
    { url = "https://files.pythonhosted.org/packages/4c/0a/504b0d3063679f2c60430c3539482d42a4cb8bd1a76646baf742030a93cc/websockets-17.2-cp315-cp315-manylinux2014_aarch64.manylinux_2_17_aarch64.manylinux_2_28_aarch64.whl", hash = "sha256:f60e39adfecf998488166aca8ff24ab1ac406c9ecbecbcf9b3bcfc43cb1ec9a1", size = 226717 },
    { url = "https://files.pythonhosted.org/packages/4e/ea/5da9309cc55c2665a6eebc22c369d9918c0d77258c61e92058e6b08d5ff1/websockets-17.2-cp315-cp315-manylinux2014_armv7l.manylinux_2_17_armv7l.manylinux_2_31_armv7l.whl", hash = "sha256:d4df62fd8448a85c752bbea1803cb3a2785e6fc8352009ab64ad7447af079b3c", size = 228413 },
    { url = "https://files.pythonhosted.org/packages/a6/74/5a24df72aa5500f311105687af864c27f1f9da910e968e97818c6149e6b0/websockets-17.2-cp315-cp315-manylinux2014_ppc64le.manylinux_2_17_ppc64le.manylinux_2_28_ppc64le.whl", hash = "sha256:c8eea55fdfa9ba65c6981eea38bd20c800bce2f092a2803d82de764ecf0f071a", size = 227196 },
    { url = "https://files.pythonhosted.org/packages/5e/ee/ca32cc1ed892dc4ac30a922e8f648048233fbdb8b0bce7048860ec4c60ec/websockets-17.2-cp315-cp315-manylinux2014_s390x.manylinux_2_17_s390x.manylinux_2_28_s390x.whl", hash = "sha256:3f0def1279644acaa9bc861d4234af3f82ea9cee7e460dffac5cb63e691501e9", size = 226092 },
    { url = "https://files.pythonhosted.org/packages/7d/0c/12d4a73324aa9798d5165d20c088f9dba66c75c871960e5d921ec66694e4/websockets-17.2-cp315-cp315-manylinux_2_31_riscv64.manylinux_2_39_riscv64.whl", hash = "sha256:fb78fb4158c12f77a934a003006784108a27a6553cfc0c6f10483c9c02e94f48", size = 223486 },
    { url = "https://files.pythonhosted.org/packages/bc/a4/7fe15da5abb8f0f61e6a357593f7f2ed55724825b7db0ffe72b5c5fad68d/websockets-17.2-cp315-cp315-musllinux_1_2_aarch64.whl", hash = "sha256:f8969ad228115ad8869b5fed801f899e52ab8ad376fdb165ba4760a277c8258a", size = 226200 },
    { url = "https://files.pythonhosted.org/packages/08/b9/4cd3a311f96a2eea0ed458bc01fe2cce42f9cd50aa9e64315dfc855d63a9/websockets-17.2-cp315-cp315-musllinux_1_2_armv7l.whl", hash = "sha256:4a49ca342efc0800e6ae94ed5c9cbdcb319308f75e73c21181e4c24d6710e8dd", size = 224862 },
    { url = "https://files.pythonhosted.org/packages/41/b5/22caa3460f75e42bfcc74028870b556d22847ea9a9034aa03986f07f16a9/websockets-17.2-cp315-cp315-musllinux_1_2_i686.whl", hash = "sha256:06fa3ce9c3154826c33d4395b225b2994aa64f1f3bcd8be8ed932019175d9268", size = 225391 },
    { url = "https://files.pythonhosted.org/packages/95/be/8d28f92092076abf1ddfb3206b0ce956120a22e7c3105f6a3029d727deae/websockets-17.2-cp315-cp315-musllinux_1_2_ppc64le.whl", hash = "sha256:50644d8715be7e0ec0682f9d7744b63008e199c5e1618a48fa153756a332235f", size = 226545 },
    { url = "https://files.pythonhosted.org/packages/cb/7b/ff943fa383e540fe17f066cc10a3eeedef26e50fd45aae2bdc6746d6f95a/websockets-17.2-cp315-cp315-musllinux_1_2_riscv64.whl", hash = "sha256:60deca33e584c09e91f70f8b55a0b1de7d671d6a63f051d154920f48bed717c7", size = 224352 },
    { url = "https://files.pythonhosted.org/packages/e9/df/1e6c3e06c473c9fd833a5c1620b15e2c3b37647b91b7d41871d20bc098de/websockets-17.2-cp315-cp315-musllinux_1_2_s390x.whl", hash = "sha256:b5f79366a8d8dbb981d53ba800bb54a95454595ab8a4548c2b95501b32a08326", size = 225255 },
    { url = "https://files.pythonhosted.org/packages/db/f8/d8a4f988f7cbb568d8bd69da4632c5b6010aa9cd9366f285e23b73b678d9/websockets-17.2-cp315-cp315-musllinux_1_2_x86_64.whl", hash = "sha256:f2bbf3f28d0b63157577c8b774b9136f076afa6797e1a52a2ecd477f23cad3a8", size = 225513 },
    { url = "https://files.pythonhosted.org/packages/75/e0/920357165b2797a2530fc9e271d79a9b5fee2b750b154c990c740f767af3/websockets-17.2-cp315-cp315-win32.whl", hash = "sha256:74836317b7010b579522bb52426f1e225608b042c9e78cbe2493522bebb8a318", size = 217722 },
    { url = "https://files.pythonhosted.org/packages/5f/eb/25bdca25bbc329ffb330ef33993397d6556a871e40a0d196e757699ea3f7/websockets-17.2-cp315-cp315-win_amd64.whl", hash = "sha256:aaead3d926e9ab4124ada727d20cd62d396649917822df4f771d1f07f1079b40", size = 218017 },
    { url = "https://files.pythonhosted.org/packages/fa/cb/ea30a552bbcd1c75f0d14bfce6c884ee36187030b85b74a242aacc02406e/websockets-17.2-cp315-cp315-win_arm64.whl", hash = "sha256:40960554e60eb60c3eec4ff9e42a80f84f8cd3ca9bc80a5481a61f1e64d807c9", size = 217929 },
    { url = "https://files.pythonhosted.org/packages/4a/01/477664c619af8aa3c908d482e2a95e13ceed9d78f21d15902013c3bc6c28/websockets-17.2-cp315-cp315t-macosx_10_15_universal2.whl", hash = "sha256:9a2a60a7f0ea5f239efb6391d2b28630a640d82dad63e3bee47cf2c623c4495d", size = 218029 },
    { url = "https://files.pythonhosted.org/packages/2a/a9/b0be62ff1c0e2bc966da56b36d3d820c7e2ad3c0c4a4ac414fc7335b214f/websockets-17.2-cp315-cp315t-macosx_10_15_x86_64.whl", hash = "sha256:cca2fcb72c007103740fa4fc3df19fdb1a318c641c69f3b0cc47ed63a889336e", size = 215607 },
    { url = "https://files.pythonhosted.org/packages/fc/2b/a6738530de0437a31c1b168e4096ecf790aafaf561f33a009886c7d8042e/websockets-17.2-cp315-cp315t-macosx_11_0_arm64.whl", hash = "sha256:b789356bc4e2e6c20ba52817f92c3fed74e24657654237ecd536c54843b80c6c", size = 215817 },
    { url = "https://files.pythonhosted.org/packages/c3/c2/2fc44ddc419cbb09ee1708af3e78d8a4b018db01fc7e4f91bd730e2f8d9e/websockets-17.2-cp315-cp315t-manylinux1_i686.manylinux_2_28_i686.manylinux_2_5_i686.whl", hash = "sha256:222fb626fa15701a850eccc778be17312142b2f6a0e16aea80770b7459adb784", size = 225979 },
    { url = "https://files.pythonhosted.org/packages/2e/91/a215b14caa7ea65bc36db81609108899c259503300d1560dae9c70a135e7/websockets-17.2-cp315-cp315t-manylinux1_x86_64.manylinux_2_28_x86_64.manylinux_2_5_x86_64.whl", hash = "sha256:4497e87c34a2d21cbec1227858fec3af8e514dd70c47625557a122fcebc081dc", size = 226250 },
    { url = "https://files.pythonhosted.org/packages/65/b9/9406a18e9edf558ed504d2a7679371d0f8107e4ef526c80b154ea4ec9752/websockets-17.2-cp315-cp315t-manylinux2014_aarch64.manylinux_2_17_aarch64.manylinux_2_28_aarch64.whl", hash = "sha256:6281c171557ce0e408e19d9a223f22d915117ac38a5a7f32ed83809e7492316c", size = 227579 },
    { url = "https://files.pythonhosted.org/packages/fe/45/a73af119244f46f5130005d7ab63f1c75890c890141a0ca2adc9d97d4671/websockets-17.2-cp315-cp315t-manylinux2014_armv7l.manylinux_2_17_armv7l.manylinux_2_31_armv7l.whl", hash = "sha256:08d97098644728bd1895caa7ecf3090b8e563d70809870d2adb33a107bd061d0", size = 229205 },
    { url = "https://files.pythonhosted.org/packages/c1/92/ccd8e2e921d134a56f1ed4642d276500d9e33b3dc4d6deb63d614b3e53a6/websockets-17.2-cp315-cp315t-manylinux2014_ppc64le.manylinux_2_17_ppc64le.manylinux_2_28_ppc64le.whl", hash = "sha256:1fdb8d5a1660307dc6d36d0b7fc725213cbd7f80800904dc4896aa3208b89121", size = 228011 },
    { url = "https://files.pythonhosted.org/packages/e0/ef/7d71105d19a7aaab5ff87b9c712f6c1dda44e72ea56aa0e7b777f2fc274b/websockets-17.2-cp315-cp315t-manylinux2014_s390x.manylinux_2_17_s390x.manylinux_2_28_s390x.whl", hash = "sha256:18b0a46e5e9b315e2b54ce8c3bafdeef0e1388ca363114fa868e6aab2dc58512", size = 226892 },
    { url = "https://files.pythonhosted.org/packages/56/f7/87012d628b21e66e699440f39bfa7cc55fae7f52b2c532ab62184a589624/websockets-17.2-cp315-cp315t-manylinux_2_31_riscv64.manylinux_2_39_riscv64.whl", hash = "sha256:7f115d5d804a2163dd89245710049078b0e726a58c1f44a1f86c2c6e79055d76", size = 224241 },
    { url = "https://files.pythonhosted.org/packages/55/f5/495371068b27ee5f7c435187f9dafd62402f195e2c76063bdd4653da1565/websockets-17.2-cp315-cp315t-musllinux_1_2_aarch64.whl", hash = "sha256:1d829946a2e7630f92f9d7b45b62f3abe9f393cc2dea6a35edb3988f865e75f2", size = 227076 },
    { url = "https://files.pythonhosted.org/packages/18/18/3dce3cc6099be5e044e0fd5d0e0c9931c8e3387511cdec8014a345f619e5/websockets-17.2-cp315-cp315t-musllinux_1_2_armv7l.whl", hash = "sha256:6c274fc1572edf7c197094a0eb1887d45fdc95254bc80597dc7599550486c06a", size = 225727 },
    { url = "https://files.pythonhosted.org/packages/47/30/57d0c7aaf8d4473926fa8829b8136483f561388d1e747ae71c9f2a83d5fd/websockets-17.2-cp315-cp315t-musllinux_1_2_i686.whl", hash = "sha256:4173a4b8a025ae44313d9d9b4ecf31e886c7b7faf45386d51a8ca4ff2dcf3f2a", size = 226225 },
    { url = "https://files.pythonhosted.org/packages/0c/9f/9dce1203756756c00b407b9a6b13a7500fcd38f2634d4daa3f65575814ec/websockets-17.2-cp315-cp315t-musllinux_1_2_ppc64le.whl", hash = "sha256:d8cfe9522ad69b6abb26b413ed1deca43cb915cefc588433d557cb3ae1c783e2", size = 227333 },
    { url = "https://files.pythonhosted.org/packages/9a/2f/d3b6b876678ebb03017b7afd7111fe44d54b93f036a80ebb4b481dd1ab74/websockets-17.2-cp315-cp315t-musllinux_1_2_riscv64.whl", hash = "sha256:908d81d88bb16141613a6275059b5114656d5c2f0b5400b421d54fe6f1943507", size = 225082 },
    { url = "https://files.pythonhosted.org/packages/32/b0/a69b573a5e56d2e7a5dcbb447466f442380cf81515e1cb1220cd626c8042/websockets-17.2-cp315-cp315t-musllinux_1_2_s390x.whl", hash = "sha256:c6590e1eb624ff6b15b872421bc9a10bc6d2057635d69c6cd244ac3f928f85c6", size = 225945 },
    { url = "https://files.pythonhosted.org/packages/70/be/a72911dc8e33f74c196012366ce4d99b1a803894a377a1ed0c8e66df9caa/websockets-17.2-cp315-cp315t-musllinux_1_2_x86_64.whl", hash = "sha256:61040f6f7da5a279d2f77496c69d51132aba75f701c52bded400d4c639277b18", size = 226241 },
    { url = "https://files.pythonhosted.org/packages/7d/a9/02a68c1d8e5572918e0962d3aad881078f73ede43abd9b1336e4efaa8909/websockets-17.2-cp315-cp315t-win32.whl", hash = "sha256:f90bad2839c185a1edf8ee22a257cfc8a39e0e337a0490ab185dfa76ef04d1bd", size = 217847 },
    { url = "https://files.pythonhosted.org/packages/2b/bf/3d7c33b8d5e7712a60e0149c017ed50394ec5e8cf72e5cb6a1ffaf11a42d/websockets-17.2-cp315-cp315t-win_amd64.whl", hash = "sha256:315551f4ccedbbf9fd4f7e8bf037a5948c976ade0e919ba5d8f581d465f6f725", size = 218169 },
    { url = "https://files.pythonhosted.org/packages/27/57/ab34cc6460c5322e6932750fa5c6c64be89e6ee4e2707d13c4e9d3312b25/websockets-17.2-cp315-cp315t-win_arm64.whl", hash = "sha256:0a6220bdf8d5f11af71251a599092d89ac1d6bfac691c7f5951c5b07953947a0", size = 218089 },
    { url = "https://files.pythonhosted.org/packages/8a/58/835cd51934d6780fa586f275b5d9901eead6d81569b4343b3767cdbaae4c/websockets-17.2-py3-none-any.whl", hash = "sha256:6aa59f0ef92e796b2db6f5f26550c4713c0e4036899fadf02f55e2ed4db0b7ae", size = 211883 },
]
